
Microsoft Visual Studio Solution File, Format Version 12.00
# Visual Studio Version 16
VisualStudioVersion = 16.0.32002.261
MinimumVisualStudioVersion = 10.0.40219.1
Project("{FAE04EC0-301F-11D3-BF4B-00C04F79EFBC}") = "ConsoleApp22", "ConsoleApp22\ConsoleApp22.csproj", "{DF9AF573-20F4-437B-9056-4F3443DEA05F}"
EndProject
Global
	GlobalSection(SolutionConfigurationPlatforms) = preSolution
		Debug|Any CPU = Debug|Any CPU
		Release|Any CPU = Release|Any CPU
	EndGlobalSection
	GlobalSection(ProjectConfigurationPlatforms) = postSolution
		{DF9AF573-20F4-437B-9056-4F3443DEA05F}.Debug|Any CPU.ActiveCfg = Debug|Any CPU
		{DF9AF573-20F4-437B-9056-4F3443DEA05F}.Debug|Any CPU.Build.0 = Debug|Any CPU
		{DF9AF573-20F4-437B-9056-4F3443DEA05F}.Release|Any CPU.ActiveCfg = Release|Any CPU
		{DF9AF573-20F4-437B-9056-4F3443DEA05F}.Release|Any CPU.Build.0 = Release|Any CPU
	EndGlobalSection
	GlobalSection(SolutionProperties) = preSolution
		HideSolutionNode = FALSE
	EndGlobalSection
	GlobalSection(ExtensibilityGlobals) = postSolution
		SolutionGuid = {BD978BCF-3F2F-4CD4-A4E6-354D4408B6AC}
	EndGlobalSection
EndGlobal
