
Microsoft Visual Studio Solution File, Format Version 12.00
# Visual Studio Version 16
VisualStudioVersion = 16.0.32002.261
MinimumVisualStudioVersion = 10.0.40219.1
Project("{FAE04EC0-301F-11D3-BF4B-00C04F79EFBC}") = "WebProject1", "WebProject1\WebProject1.csproj", "{ABA103BA-8840-4A9A-A0DB-2C97B932CDD8}"
EndProject
Global
	GlobalSection(SolutionConfigurationPlatforms) = preSolution
		Debug|Any CPU = Debug|Any CPU
		Release|Any CPU = Release|Any CPU
	EndGlobalSection
	GlobalSection(ProjectConfigurationPlatforms) = postSolution
		{ABA103BA-8840-4A9A-A0DB-2C97B932CDD8}.Debug|Any CPU.ActiveCfg = Debug|Any CPU
		{ABA103BA-8840-4A9A-A0DB-2C97B932CDD8}.Debug|Any CPU.Build.0 = Debug|Any CPU
		{ABA103BA-8840-4A9A-A0DB-2C97B932CDD8}.Release|Any CPU.ActiveCfg = Release|Any CPU
		{ABA103BA-8840-4A9A-A0DB-2C97B932CDD8}.Release|Any CPU.Build.0 = Release|Any CPU
	EndGlobalSection
	GlobalSection(SolutionProperties) = preSolution
		HideSolutionNode = FALSE
	EndGlobalSection
	GlobalSection(ExtensibilityGlobals) = postSolution
		SolutionGuid = {0A8252E2-B62B-4FD6-BEE0-8C978038614B}
	EndGlobalSection
EndGlobal
