
Microsoft Visual Studio Solution File, Format Version 12.00
# Visual Studio Version 16
VisualStudioVersion = 16.0.32002.261
MinimumVisualStudioVersion = 10.0.40219.1
Project("{FAE04EC0-301F-11D3-BF4B-00C04F79EFBC}") = "MVC9", "MVC9\MVC9.csproj", "{EE418F74-C3D9-4D2C-BB92-597D517D1FDA}"
EndProject
Global
	GlobalSection(SolutionConfigurationPlatforms) = preSolution
		Debug|Any CPU = Debug|Any CPU
		Release|Any CPU = Release|Any CPU
	EndGlobalSection
	GlobalSection(ProjectConfigurationPlatforms) = postSolution
		{EE418F74-C3D9-4D2C-BB92-597D517D1FDA}.Debug|Any CPU.ActiveCfg = Debug|Any CPU
		{EE418F74-C3D9-4D2C-BB92-597D517D1FDA}.Debug|Any CPU.Build.0 = Debug|Any CPU
		{EE418F74-C3D9-4D2C-BB92-597D517D1FDA}.Release|Any CPU.ActiveCfg = Release|Any CPU
		{EE418F74-C3D9-4D2C-BB92-597D517D1FDA}.Release|Any CPU.Build.0 = Release|Any CPU
	EndGlobalSection
	GlobalSection(SolutionProperties) = preSolution
		HideSolutionNode = FALSE
	EndGlobalSection
	GlobalSection(ExtensibilityGlobals) = postSolution
		SolutionGuid = {DFA5B57E-B587-4657-BC61-0DCD32C05E5B}
	EndGlobalSection
EndGlobal
